// !$*UTF8*$!
{
	archiveVersion = 1;
	classes = {
	};
	objectVersion = 50;
	objects = {

/* Begin PBXBuildFile section */
		C0C074BF25AD364A0071BEA2 /* AppDelegate.swift in Sources */ = {isa = PBXBuildFile; fileRef = C0C074BE25AD364A0071BEA2 /* AppDelegate.swift */; };
		C0C074C125AD364A0071BEA2 /* SceneDelegate.swift in Sources */ = {isa = PBXBuildFile; fileRef = C0C074C025AD364A0071BEA2 /* SceneDelegate.swift */; };
		C0C074C325AD364A0071BEA2 /* ViewController.swift in Sources */ = {isa = PBXBuildFile; fileRef = C0C074C225AD364A0071BEA2 /* ViewController.swift */; };
		C0C074C625AD364A0071BEA2 /* Main.storyboard in Resources */ = {isa = PBXBuildFile; fileRef = C0C074C425AD364A0071BEA2 /* Main.storyboard */; };
		C0C074C825AD364D0071BEA2 /* Assets.xcassets in Resources */ = {isa = PBXBuildFile; fileRef = C0C074C725AD364D0071BEA2 /* Assets.xcassets */; };
		C0C074CB25AD364D0071BEA2 /* LaunchScreen.storyboard in Resources */ = {isa = PBXBuildFile; fileRef = C0C074C925AD364D0071BEA2 /* LaunchScreen.storyboard */; };
		C0C074DA25AD365E0071BEA2 /* WidgetKit.framework in Frameworks */ = {isa = PBXBuildFile; fileRef = C0C074D925AD365E0071BEA2 /* WidgetKit.framework */; };
		C0C074DC25AD365E0071BEA2 /* SwiftUI.framework in Frameworks */ = {isa = PBXBuildFile; fileRef = C0C074DB25AD365E0071BEA2 /* SwiftUI.framework */; };
		C0C074DF25AD365E0071BEA2 /* NBAWidgetModule.swift in Sources */ = {isa = PBXBuildFile; fileRef = C0C074DE25AD365E0071BEA2 /* NBAWidgetModule.swift */; };
		C0C074E225AD36600071BEA2 /* Assets.xcassets in Resources */ = {isa = PBXBuildFile; fileRef = C0C074E125AD36600071BEA2 /* Assets.xcassets */; };
		C0C074E425AD36600071BEA2 /* NBAWidgetModule.intentdefinition in Sources */ = {isa = PBXBuildFile; fileRef = C0C074E025AD365E0071BEA2 /* NBAWidgetModule.intentdefinition */; };
		C0C074E525AD36600071BEA2 /* NBAWidgetModule.intentdefinition in Sources */ = {isa = PBXBuildFile; fileRef = C0C074E025AD365E0071BEA2 /* NBAWidgetModule.intentdefinition */; };
		C0C074E825AD36600071BEA2 /* NBAWidgetModuleExtension.appex in Embed App Extensions */ = {isa = PBXBuildFile; fileRef = C0C074D725AD365E0071BEA2 /* NBAWidgetModuleExtension.appex */; settings = {ATTRIBUTES = (RemoveHeadersOnCopy, ); }; };
		C0C074F525AED3EA0071BEA2 /* DataProvider.swift in Sources */ = {isa = PBXBuildFile; fileRef = C0C074EF25AED3CF0071BEA2 /* DataProvider.swift */; };
/* End PBXBuildFile section */

/* Begin PBXContainerItemProxy section */
		C0C074E625AD36600071BEA2 /* PBXContainerItemProxy */ = {
			isa = PBXContainerItemProxy;
			containerPortal = C0C074B325AD364A0071BEA2 /* Project object */;
			proxyType = 1;
			remoteGlobalIDString = C0C074D625AD365E0071BEA2;
			remoteInfo = NBAWidgetModuleExtension;
		};
/* End PBXContainerItemProxy section */

/* Begin PBXCopyFilesBuildPhase section */
		C0C074EC25AD36610071BEA2 /* Embed App Extensions */ = {
			isa = PBXCopyFilesBuildPhase;
			buildActionMask = 2147483647;
			dstPath = "";
			dstSubfolderSpec = 13;
			files = (
				C0C074E825AD36600071BEA2 /* NBAWidgetModuleExtension.appex in Embed App Extensions */,
			);
			name = "Embed App Extensions";
			runOnlyForDeploymentPostprocessing = 0;
		};
/* End PBXCopyFilesBuildPhase section */

/* Begin PBXFileReference section */
		C0C074BB25AD364A0071BEA2 /* NBAWidgetKit.app */ = {isa = PBXFileReference; explicitFileType = wrapper.application; includeInIndex = 0; path = NBAWidgetKit.app; sourceTree = BUILT_PRODUCTS_DIR; };
		C0C074BE25AD364A0071BEA2 /* AppDelegate.swift */ = {isa = PBXFileReference; lastKnownFileType = sourcecode.swift; path = AppDelegate.swift; sourceTree = "<group>"; };
		C0C074C025AD364A0071BEA2 /* SceneDelegate.swift */ = {isa = PBXFileReference; lastKnownFileType = sourcecode.swift; path = SceneDelegate.swift; sourceTree = "<group>"; };
		C0C074C225AD364A0071BEA2 /* ViewController.swift */ = {isa = PBXFileReference; lastKnownFileType = sourcecode.swift; path = ViewController.swift; sourceTree = "<group>"; };
		C0C074C525AD364A0071BEA2 /* Base */ = {isa = PBXFileReference; lastKnownFileType = file.storyboard; name = Base; path = Base.lproj/Main.storyboard; sourceTree = "<group>"; };
		C0C074C725AD364D0071BEA2 /* Assets.xcassets */ = {isa = PBXFileReference; lastKnownFileType = folder.assetcatalog; path = Assets.xcassets; sourceTree = "<group>"; };
		C0C074CA25AD364D0071BEA2 /* Base */ = {isa = PBXFileReference; lastKnownFileType = file.storyboard; name = Base; path = Base.lproj/LaunchScreen.storyboard; sourceTree = "<group>"; };
		C0C074CC25AD364D0071BEA2 /* Info.plist */ = {isa = PBXFileReference; lastKnownFileType = text.plist.xml; path = Info.plist; sourceTree = "<group>"; };
		C0C074D725AD365E0071BEA2 /* NBAWidgetModuleExtension.appex */ = {isa = PBXFileReference; explicitFileType = "wrapper.app-extension"; includeInIndex = 0; path = NBAWidgetModuleExtension.appex; sourceTree = BUILT_PRODUCTS_DIR; };
		C0C074D925AD365E0071BEA2 /* WidgetKit.framework */ = {isa = PBXFileReference; lastKnownFileType = wrapper.framework; name = WidgetKit.framework; path = System/Library/Frameworks/WidgetKit.framework; sourceTree = SDKROOT; };
		C0C074DB25AD365E0071BEA2 /* SwiftUI.framework */ = {isa = PBXFileReference; lastKnownFileType = wrapper.framework; name = SwiftUI.framework; path = System/Library/Frameworks/SwiftUI.framework; sourceTree = SDKROOT; };
		C0C074DE25AD365E0071BEA2 /* NBAWidgetModule.swift */ = {isa = PBXFileReference; lastKnownFileType = sourcecode.swift; path = NBAWidgetModule.swift; sourceTree = "<group>"; };
		C0C074E025AD365E0071BEA2 /* NBAWidgetModule.intentdefinition */ = {isa = PBXFileReference; lastKnownFileType = file.intentdefinition; path = NBAWidgetModule.intentdefinition; sourceTree = "<group>"; };
		C0C074E125AD36600071BEA2 /* Assets.xcassets */ = {isa = PBXFileReference; lastKnownFileType = folder.assetcatalog; path = Assets.xcassets; sourceTree = "<group>"; };
		C0C074E325AD36600071BEA2 /* Info.plist */ = {isa = PBXFileReference; lastKnownFileType = text.plist.xml; path = Info.plist; sourceTree = "<group>"; };
		C0C074EF25AED3CF0071BEA2 /* DataProvider.swift */ = {isa = PBXFileReference; lastKnownFileType = sourcecode.swift; path = DataProvider.swift; sourceTree = "<group>"; };
/* End PBXFileReference section */

/* Begin PBXFrameworksBuildPhase section */
		C0C074B825AD364A0071BEA2 /* Frameworks */ = {
			isa = PBXFrameworksBuildPhase;
			buildActionMask = 2147483647;
			files = (
			);
			runOnlyForDeploymentPostprocessing = 0;
		};
		C0C074D425AD365E0071BEA2 /* Frameworks */ = {
			isa = PBXFrameworksBuildPhase;
			buildActionMask = 2147483647;
			files = (
				C0C074DC25AD365E0071BEA2 /* SwiftUI.framework in Frameworks */,
				C0C074DA25AD365E0071BEA2 /* WidgetKit.framework in Frameworks */,
			);
			runOnlyForDeploymentPostprocessing = 0;
		};
/* End PBXFrameworksBuildPhase section */

/* Begin PBXGroup section */
		C0C074B225AD364A0071BEA2 = {
			isa = PBXGroup;
			children = (
				C0C074BD25AD364A0071BEA2 /* NBAWidgetKit */,
				C0C074DD25AD365E0071BEA2 /* NBAWidgetModule */,
				C0C074D825AD365E0071BEA2 /* Frameworks */,
				C0C074BC25AD364A0071BEA2 /* Products */,
			);
			sourceTree = "<group>";
		};
		C0C074BC25AD364A0071BEA2 /* Products */ = {
			isa = PBXGroup;
			children = (
				C0C074BB25AD364A0071BEA2 /* NBAWidgetKit.app */,
				C0C074D725AD365E0071BEA2 /* NBAWidgetModuleExtension.appex */,
			);
			name = Products;
			sourceTree = "<group>";
		};
		C0C074BD25AD364A0071BEA2 /* NBAWidgetKit */ = {
			isa = PBXGroup;
			children = (
				C0C074BE25AD364A0071BEA2 /* AppDelegate.swift */,
				C0C074C025AD364A0071BEA2 /* SceneDelegate.swift */,
				C0C074C225AD364A0071BEA2 /* ViewController.swift */,
				C0C074C425AD364A0071BEA2 /* Main.storyboard */,
				C0C074C725AD364D0071BEA2 /* Assets.xcassets */,
				C0C074C925AD364D0071BEA2 /* LaunchScreen.storyboard */,
				C0C074CC25AD364D0071BEA2 /* Info.plist */,
			);
			path = NBAWidgetKit;
			sourceTree = "<group>";
		};
		C0C074D825AD365E0071BEA2 /* Frameworks */ = {
			isa = PBXGroup;
			children = (
				C0C074D925AD365E0071BEA2 /* WidgetKit.framework */,
				C0C074DB25AD365E0071BEA2 /* SwiftUI.framework */,
			);
			name = Frameworks;
			sourceTree = "<group>";
		};
		C0C074DD25AD365E0071BEA2 /* NBAWidgetModule */ = {
			isa = PBXGroup;
			children = (
				C0C074EF25AED3CF0071BEA2 /* DataProvider.swift */,
				C0C074DE25AD365E0071BEA2 /* NBAWidgetModule.swift */,
				C0C074E025AD365E0071BEA2 /* NBAWidgetModule.intentdefinition */,
				C0C074E125AD36600071BEA2 /* Assets.xcassets */,
				C0C074E325AD36600071BEA2 /* Info.plist */,
			);
			path = NBAWidgetModule;
			sourceTree = "<group>";
		};
/* End PBXGroup section */

/* Begin PBXNativeTarget section */
		C0C074BA25AD364A0071BEA2 /* NBAWidgetKit */ = {
			isa = PBXNativeTarget;
			buildConfigurationList = C0C074CF25AD364D0071BEA2 /* Build configuration list for PBXNativeTarget "NBAWidgetKit" */;
			buildPhases = (
				C0C074B725AD364A0071BEA2 /* Sources */,
				C0C074B825AD364A0071BEA2 /* Frameworks */,
				C0C074B925AD364A0071BEA2 /* Resources */,
				C0C074EC25AD36610071BEA2 /* Embed App Extensions */,
			);
			buildRules = (
			);
			dependencies = (
				C0C074E725AD36600071BEA2 /* PBXTargetDependency */,
			);
			name = NBAWidgetKit;
			productName = NBAWidgetKit;
			productReference = C0C074BB25AD364A0071BEA2 /* NBAWidgetKit.app */;
			productType = "com.apple.product-type.application";
		};
		C0C074D625AD365E0071BEA2 /* NBAWidgetModuleExtension */ = {
			isa = PBXNativeTarget;
			buildConfigurationList = C0C074E925AD36610071BEA2 /* Build configuration list for PBXNativeTarget "NBAWidgetModuleExtension" */;
			buildPhases = (
				C0C074D325AD365E0071BEA2 /* Sources */,
				C0C074D425AD365E0071BEA2 /* Frameworks */,
				C0C074D525AD365E0071BEA2 /* Resources */,
			);
			buildRules = (
			);
			dependencies = (
			);
			name = NBAWidgetModuleExtension;
			productName = NBAWidgetModuleExtension;
			productReference = C0C074D725AD365E0071BEA2 /* NBAWidgetModuleExtension.appex */;
			productType = "com.apple.product-type.app-extension";
		};
/* End PBXNativeTarget section */

/* Begin PBXProject section */
		C0C074B325AD364A0071BEA2 /* Project object */ = {
			isa = PBXProject;
			attributes = {
				LastSwiftUpdateCheck = 1230;
				LastUpgradeCheck = 1230;
				TargetAttributes = {
					C0C074BA25AD364A0071BEA2 = {
						CreatedOnToolsVersion = 12.3;
					};
					C0C074D625AD365E0071BEA2 = {
						CreatedOnToolsVersion = 12.3;
					};
				};
			};
			buildConfigurationList = C0C074B625AD364A0071BEA2 /* Build configuration list for PBXProject "NBAWidgetKit" */;
			compatibilityVersion = "Xcode 9.3";
			developmentRegion = en;
			hasScannedForEncodings = 0;
			knownRegions = (
				en,
				Base,
			);
			mainGroup = C0C074B225AD364A0071BEA2;
			productRefGroup = C0C074BC25AD364A0071BEA2 /* Products */;
			projectDirPath = "";
			projectRoot = "";
			targets = (
				C0C074BA25AD364A0071BEA2 /* NBAWidgetKit */,
				C0C074D625AD365E0071BEA2 /* NBAWidgetModuleExtension */,
			);
		};
/* End PBXProject section */

/* Begin PBXResourcesBuildPhase section */
		C0C074B925AD364A0071BEA2 /* Resources */ = {
			isa = PBXResourcesBuildPhase;
			buildActionMask = 2147483647;
			files = (
				C0C074CB25AD364D0071BEA2 /* LaunchScreen.storyboard in Resources */,
				C0C074C825AD364D0071BEA2 /* Assets.xcassets in Resources */,
				C0C074C625AD364A0071BEA2 /* Main.storyboard in Resources */,
			);
			runOnlyForDeploymentPostprocessing = 0;
		};
		C0C074D525AD365E0071BEA2 /* Resources */ = {
			isa = PBXResourcesBuildPhase;
			buildActionMask = 2147483647;
			files = (
				C0C074E225AD36600071BEA2 /* Assets.xcassets in Resources */,
			);
			runOnlyForDeploymentPostprocessing = 0;
		};
/* End PBXResourcesBuildPhase section */

/* Begin PBXSourcesBuildPhase section */
		C0C074B725AD364A0071BEA2 /* Sources */ = {
			isa = PBXSourcesBuildPhase;
			buildActionMask = 2147483647;
			files = (
				C0C074E525AD36600071BEA2 /* NBAWidgetModule.intentdefinition in Sources */,
				C0C074C325AD364A0071BEA2 /* ViewController.swift in Sources */,
				C0C074BF25AD364A0071BEA2 /* AppDelegate.swift in Sources */,
				C0C074C125AD364A0071BEA2 /* SceneDelegate.swift in Sources */,
			);
			runOnlyForDeploymentPostprocessing = 0;
		};
		C0C074D325AD365E0071BEA2 /* Sources */ = {
			isa = PBXSourcesBuildPhase;
			buildActionMask = 2147483647;
			files = (
				C0C074F525AED3EA0071BEA2 /* DataProvider.swift in Sources */,
				C0C074E425AD36600071BEA2 /* NBAWidgetModule.intentdefinition in Sources */,
				C0C074DF25AD365E0071BEA2 /* NBAWidgetModule.swift in Sources */,
			);
			runOnlyForDeploymentPostprocessing = 0;
		};
/* End PBXSourcesBuildPhase section */

/* Begin PBXTargetDependency section */
		C0C074E725AD36600071BEA2 /* PBXTargetDependency */ = {
			isa = PBXTargetDependency;
			target = C0C074D625AD365E0071BEA2 /* NBAWidgetModuleExtension */;
			targetProxy = C0C074E625AD36600071BEA2 /* PBXContainerItemProxy */;
		};
/* End PBXTargetDependency section */

/* Begin PBXVariantGroup section */
		C0C074C425AD364A0071BEA2 /* Main.storyboard */ = {
			isa = PBXVariantGroup;
			children = (
				C0C074C525AD364A0071BEA2 /* Base */,
			);
			name = Main.storyboard;
			sourceTree = "<group>";
		};
		C0C074C925AD364D0071BEA2 /* LaunchScreen.storyboard */ = {
			isa = PBXVariantGroup;
			children = (
				C0C074CA25AD364D0071BEA2 /* Base */,
			);
			name = LaunchScreen.storyboard;
			sourceTree = "<group>";
		};
/* End PBXVariantGroup section */

/* Begin XCBuildConfiguration section */
		C0C074CD25AD364D0071BEA2 /* Debug */ = {
			isa = XCBuildConfiguration;
			buildSettings = {
				ALWAYS_SEARCH_USER_PATHS = NO;
				CLANG_ANALYZER_NONNULL = YES;
				CLANG_ANALYZER_NUMBER_OBJECT_CONVERSION = YES_AGGRESSIVE;
				CLANG_CXX_LANGUAGE_STANDARD = "gnu++14";
				CLANG_CXX_LIBRARY = "libc++";
				CLANG_ENABLE_MODULES = YES;
				CLANG_ENABLE_OBJC_ARC = YES;
				CLANG_ENABLE_OBJC_WEAK = YES;
				CLANG_WARN_BLOCK_CAPTURE_AUTORELEASING = YES;
				CLANG_WARN_BOOL_CONVERSION = YES;
				CLANG_WARN_COMMA = YES;
				CLANG_WARN_CONSTANT_CONVERSION = YES;
				CLANG_WARN_DEPRECATED_OBJC_IMPLEMENTATIONS = YES;
				CLANG_WARN_DIRECT_OBJC_ISA_USAGE = YES_ERROR;
				CLANG_WARN_DOCUMENTATION_COMMENTS = YES;
				CLANG_WARN_EMPTY_BODY = YES;
				CLANG_WARN_ENUM_CONVERSION = YES;
				CLANG_WARN_INFINITE_RECURSION = YES;
				CLANG_WARN_INT_CONVERSION = YES;
				CLANG_WARN_NON_LITERAL_NULL_CONVERSION = YES;
				CLANG_WARN_OBJC_IMPLICIT_RETAIN_SELF = YES;
				CLANG_WARN_OBJC_LITERAL_CONVERSION = YES;
				CLANG_WARN_OBJC_ROOT_CLASS = YES_ERROR;
				CLANG_WARN_QUOTED_INCLUDE_IN_FRAMEWORK_HEADER = YES;
				CLANG_WARN_RANGE_LOOP_ANALYSIS = YES;
				CLANG_WARN_STRICT_PROTOTYPES = YES;
				CLANG_WARN_SUSPICIOUS_MOVE = YES;
				CLANG_WARN_UNGUARDED_AVAILABILITY = YES_AGGRESSIVE;
				CLANG_WARN_UNREACHABLE_CODE = YES;
				CLANG_WARN__DUPLICATE_METHOD_MATCH = YES;
				COPY_PHASE_STRIP = NO;
				DEBUG_INFORMATION_FORMAT = dwarf;
				ENABLE_STRICT_OBJC_MSGSEND = YES;
				ENABLE_TESTABILITY = YES;
				GCC_C_LANGUAGE_STANDARD = gnu11;
				GCC_DYNAMIC_NO_PIC = NO;
				GCC_NO_COMMON_BLOCKS = YES;
				GCC_OPTIMIZATION_LEVEL = 0;
				GCC_PREPROCESSOR_DEFINITIONS = (
					"DEBUG=1",
					"$(inherited)",
				);
				GCC_WARN_64_TO_32_BIT_CONVERSION = YES;
				GCC_WARN_ABOUT_RETURN_TYPE = YES_ERROR;
				GCC_WARN_UNDECLARED_SELECTOR = YES;
				GCC_WARN_UNINITIALIZED_AUTOS = YES_AGGRESSIVE;
				GCC_WARN_UNUSED_FUNCTION = YES;
				GCC_WARN_UNUSED_VARIABLE = YES;
				IPHONEOS_DEPLOYMENT_TARGET = 14.3;
				MTL_ENABLE_DEBUG_INFO = INCLUDE_SOURCE;
				MTL_FAST_MATH = YES;
				ONLY_ACTIVE_ARCH = YES;
				SDKROOT = iphoneos;
				SWIFT_ACTIVE_COMPILATION_CONDITIONS = DEBUG;
				SWIFT_OPTIMIZATION_LEVEL = "-Onone";
			};
			name = Debug;
		};
		C0C074CE25AD364D0071BEA2 /* Release */ = {
			isa = XCBuildConfiguration;
			buildSettings = {
				ALWAYS_SEARCH_USER_PATHS = NO;
				CLANG_ANALYZER_NONNULL = YES;
				CLANG_ANALYZER_NUMBER_OBJECT_CONVERSION = YES_AGGRESSIVE;
				CLANG_CXX_LANGUAGE_STANDARD = "gnu++14";
				CLANG_CXX_LIBRARY = "libc++";
				CLANG_ENABLE_MODULES = YES;
				CLANG_ENABLE_OBJC_ARC = YES;
				CLANG_ENABLE_OBJC_WEAK = YES;
				CLANG_WARN_BLOCK_CAPTURE_AUTORELEASING = YES;
				CLANG_WARN_BOOL_CONVERSION = YES;
				CLANG_WARN_COMMA = YES;
				CLANG_WARN_CONSTANT_CONVERSION = YES;
				CLANG_WARN_DEPRECATED_OBJC_IMPLEMENTATIONS = YES;
				CLANG_WARN_DIRECT_OBJC_ISA_USAGE = YES_ERROR;
				CLANG_WARN_DOCUMENTATION_COMMENTS = YES;
				CLANG_WARN_EMPTY_BODY = YES;
				CLANG_WARN_ENUM_CONVERSION = YES;
				CLANG_WARN_INFINITE_RECURSION = YES;
				CLANG_WARN_INT_CONVERSION = YES;
				CLANG_WARN_NON_LITERAL_NULL_CONVERSION = YES;
				CLANG_WARN_OBJC_IMPLICIT_RETAIN_SELF = YES;
				CLANG_WARN_OBJC_LITERAL_CONVERSION = YES;
				CLANG_WARN_OBJC_ROOT_CLASS = YES_ERROR;
				CLANG_WARN_QUOTED_INCLUDE_IN_FRAMEWORK_HEADER = YES;
				CLANG_WARN_RANGE_LOOP_ANALYSIS = YES;
				CLANG_WARN_STRICT_PROTOTYPES = YES;
				CLANG_WARN_SUSPICIOUS_MOVE = YES;
				CLANG_WARN_UNGUARDED_AVAILABILITY = YES_AGGRESSIVE;
				CLANG_WARN_UNREACHABLE_CODE = YES;
				CLANG_WARN__DUPLICATE_METHOD_MATCH = YES;
				COPY_PHASE_STRIP = NO;
				DEBUG_INFORMATION_FORMAT = "dwarf-with-dsym";
				ENABLE_NS_ASSERTIONS = NO;
				ENABLE_STRICT_OBJC_MSGSEND = YES;
				GCC_C_LANGUAGE_STANDARD = gnu11;
				GCC_NO_COMMON_BLOCKS = YES;
				GCC_WARN_64_TO_32_BIT_CONVERSION = YES;
				GCC_WARN_ABOUT_RETURN_TYPE = YES_ERROR;
				GCC_WARN_UNDECLARED_SELECTOR = YES;
				GCC_WARN_UNINITIALIZED_AUTOS = YES_AGGRESSIVE;
				GCC_WARN_UNUSED_FUNCTION = YES;
				GCC_WARN_UNUSED_VARIABLE = YES;
				IPHONEOS_DEPLOYMENT_TARGET = 14.3;
				MTL_ENABLE_DEBUG_INFO = NO;
				MTL_FAST_MATH = YES;
				SDKROOT = iphoneos;
				SWIFT_COMPILATION_MODE = wholemodule;
				SWIFT_OPTIMIZATION_LEVEL = "-O";
				VALIDATE_PRODUCT = YES;
			};
			name = Release;
		};
		C0C074D025AD364D0071BEA2 /* Debug */ = {
			isa = XCBuildConfiguration;
			buildSettings = {
				ALWAYS_EMBED_SWIFT_STANDARD_LIBRARIES = YES;
				ASSETCATALOG_COMPILER_APPICON_NAME = AppIcon;
				ASSETCATALOG_COMPILER_GLOBAL_ACCENT_COLOR_NAME = AccentColor;
				CODE_SIGN_STYLE = Automatic;
				DEVELOPMENT_TEAM = 65C43N9B6P;
				INFOPLIST_FILE = NBAWidgetKit/Info.plist;
				LD_RUNPATH_SEARCH_PATHS = (
					"$(inherited)",
					"@executable_path/Frameworks",
				);
				PRODUCT_BUNDLE_IDENTIFIER = com.nick.NBAWidgetKit;
				PRODUCT_NAME = "$(TARGET_NAME)";
				SWIFT_VERSION = 5.0;
				TARGETED_DEVICE_FAMILY = "1,2";
			};
			name = Debug;
		};
		C0C074D125AD364D0071BEA2 /* Release */ = {
			isa = XCBuildConfiguration;
			buildSettings = {
				ALWAYS_EMBED_SWIFT_STANDARD_LIBRARIES = YES;
				ASSETCATALOG_COMPILER_APPICON_NAME = AppIcon;
				ASSETCATALOG_COMPILER_GLOBAL_ACCENT_COLOR_NAME = AccentColor;
				CODE_SIGN_STYLE = Automatic;
				DEVELOPMENT_TEAM = 65C43N9B6P;
				INFOPLIST_FILE = NBAWidgetKit/Info.plist;
				LD_RUNPATH_SEARCH_PATHS = (
					"$(inherited)",
					"@executable_path/Frameworks",
				);
				PRODUCT_BUNDLE_IDENTIFIER = com.nick.NBAWidgetKit;
				PRODUCT_NAME = "$(TARGET_NAME)";
				SWIFT_VERSION = 5.0;
				TARGETED_DEVICE_FAMILY = "1,2";
			};
			name = Release;
		};
		C0C074EA25AD36610071BEA2 /* Debug */ = {
			isa = XCBuildConfiguration;
			buildSettings = {
				ASSETCATALOG_COMPILER_GLOBAL_ACCENT_COLOR_NAME = AccentColor;
				ASSETCATALOG_COMPILER_WIDGET_BACKGROUND_COLOR_NAME = WidgetBackground;
				CODE_SIGN_STYLE = Automatic;
				DEVELOPMENT_TEAM = 65C43N9B6P;
				INFOPLIST_FILE = NBAWidgetModule/Info.plist;
				LD_RUNPATH_SEARCH_PATHS = (
					"$(inherited)",
					"@executable_path/Frameworks",
					"@executable_path/../../Frameworks",
				);
				PRODUCT_BUNDLE_IDENTIFIER = com.nick.NBAWidgetKit.NBAWidgetModule;
				PRODUCT_NAME = "$(TARGET_NAME)";
				SKIP_INSTALL = YES;
				SWIFT_VERSION = 5.0;
				TARGETED_DEVICE_FAMILY = "1,2";
			};
			name = Debug;
		};
		C0C074EB25AD36610071BEA2 /* Release */ = {
			isa = XCBuildConfiguration;
			buildSettings = {
				ASSETCATALOG_COMPILER_GLOBAL_ACCENT_COLOR_NAME = AccentColor;
				ASSETCATALOG_COMPILER_WIDGET_BACKGROUND_COLOR_NAME = WidgetBackground;
				CODE_SIGN_STYLE = Automatic;
				DEVELOPMENT_TEAM = 65C43N9B6P;
				INFOPLIST_FILE = NBAWidgetModule/Info.plist;
				LD_RUNPATH_SEARCH_PATHS = (
					"$(inherited)",
					"@executable_path/Frameworks",
					"@executable_path/../../Frameworks",
				);
				PRODUCT_BUNDLE_IDENTIFIER = com.nick.NBAWidgetKit.NBAWidgetModule;
				PRODUCT_NAME = "$(TARGET_NAME)";
				SKIP_INSTALL = YES;
				SWIFT_VERSION = 5.0;
				TARGETED_DEVICE_FAMILY = "1,2";
			};
			name = Release;
		};
/* End XCBuildConfiguration section */

/* Begin XCConfigurationList section */
		C0C074B625AD364A0071BEA2 /* Build configuration list for PBXProject "NBAWidgetKit" */ = {
			isa = XCConfigurationList;
			buildConfigurations = (
				C0C074CD25AD364D0071BEA2 /* Debug */,
				C0C074CE25AD364D0071BEA2 /* Release */,
			);
			defaultConfigurationIsVisible = 0;
			defaultConfigurationName = Release;
		};
		C0C074CF25AD364D0071BEA2 /* Build configuration list for PBXNativeTarget "NBAWidgetKit" */ = {
			isa = XCConfigurationList;
			buildConfigurations = (
				C0C074D025AD364D0071BEA2 /* Debug */,
				C0C074D125AD364D0071BEA2 /* Release */,
			);
			defaultConfigurationIsVisible = 0;
			defaultConfigurationName = Release;
		};
		C0C074E925AD36610071BEA2 /* Build configuration list for PBXNativeTarget "NBAWidgetModuleExtension" */ = {
			isa = XCConfigurationList;
			buildConfigurations = (
				C0C074EA25AD36610071BEA2 /* Debug */,
				C0C074EB25AD36610071BEA2 /* Release */,
			);
			defaultConfigurationIsVisible = 0;
			defaultConfigurationName = Release;
		};
/* End XCConfigurationList section */
	};
	rootObject = C0C074B325AD364A0071BEA2 /* Project object */;
}
